PODS:
  - Flutter (1.0.0)
  - flutter_compass (0.0.1):
    - Flutter
  - flutter_qiblah (0.0.1):
    - Flutter
  - "geolocator (6.0.0+4)":
    - Flutter
  - google_maps_flutter (0.0.1):
    - Flutter
    - GoogleMaps (< 3.10)
  - GoogleMaps (2.7.0):
    - GoogleMaps/Maps (= 2.7.0)
  - GoogleMaps/Base (2.7.0)
  - GoogleMaps/Maps (2.7.0):
    - GoogleMaps/Base

DEPENDENCIES:
  - Flutter (from `Flutter`)
  - flutter_compass (from `.symlinks/plugins/flutter_compass/ios`)
  - flutter_qiblah (from `.symlinks/plugins/flutter_qiblah/ios`)
  - geolocator (from `.symlinks/plugins/geolocator/ios`)
  - google_maps_flutter (from `.symlinks/plugins/google_maps_flutter/ios`)

SPEC REPOS:
  trunk:
    - GoogleMaps

EXTERNAL SOURCES:
  Flutter:
    :path: Flutter
  flutter_compass:
    :path: ".symlinks/plugins/flutter_compass/ios"
  flutter_qiblah:
    :path: ".symlinks/plugins/flutter_qiblah/ios"
  geolocator:
    :path: ".symlinks/plugins/geolocator/ios"
  google_maps_flutter:
    :path: ".symlinks/plugins/google_maps_flutter/ios"

SPEC CHECKSUMS:
  Flutter: 0e3d915762c693b495b44d77113d4970485de6ec
  flutter_compass: cbbd285cea1584c7ac9c4e0c3e1f17cbea55e855
  flutter_qiblah: f69eeb708d127a2634073ab1f27771c979928f50
  geolocator: 1ae40084cc6c1586ce5ad12cfc3fd38c64d05f2f
  google_maps_flutter: c7f9c73576de1fbe152a227bfd6e6c4ae8088619
  GoogleMaps: f79af95cb24d869457b1f961c93d3ce8b2f3b848

PODFILE CHECKSUM: aafe91acc616949ddb318b77800a7f51bffa2a4c

COCOAPODS: 1.9.3
